
Microsoft Visual Studio Solution File, Format Version 12.00
# Visual Studio Version 16
VisualStudioVersion = 16.0.30204.135
MinimumVisualStudioVersion = 10.0.40219.1
Project("{9A19103F-16F7-4668-BE54-9A1E7A4F7556}") = "ETMS.Services", "ETMS.Services\ETMS.Services.csproj", "{C7680137-8957-45C6-A8D2-FD74C1283881}"
EndProject
Project("{9A19103F-16F7-4668-BE54-9A1E7A4F7556}") = "ETMS.Service.DomainEntity", "ETMS.Service.DomainEntity\ETMS.Service.DomainEntity.csproj", "{0D1172C9-8817-4C59-9593-6A18A02A043F}"
EndProject
Project("{9A19103F-16F7-4668-BE54-9A1E7A4F7556}") = "ETMS.Service.DataAccessLayer", "ETMS.Service.DataAccessLayer\ETMS.Service.DataAccessLayer.csproj", "{6A1EF784-F885-49BB-B6F0-D93EA6238790}"
EndProject
Project("{9A19103F-16F7-4668-BE54-9A1E7A4F7556}") = "ETMS.Service.BuisinessLayer", "ETMS.Service.BuisinessLayer\ETMS.Service.BuisinessLayer.csproj", "{B48C09B2-90F9-4C67-A56F-4336B31472A9}"
EndProject
Project("{9A19103F-16F7-4668-BE54-9A1E7A4F7556}") = "ETMS.Test", "ETMS.Test\ETMS.Test.csproj", "{432C07C8-7060-411B-915B-02A7C01C799F}"
EndProject
Global
	GlobalSection(SolutionConfigurationPlatforms) = preSolution
		Debug|Any CPU = Debug|Any CPU
		Release|Any CPU = Release|Any CPU
	EndGlobalSection
	GlobalSection(ProjectConfigurationPlatforms) = postSolution
		{C7680137-8957-45C6-A8D2-FD74C1283881}.Debug|Any CPU.ActiveCfg = Debug|Any CPU
		{C7680137-8957-45C6-A8D2-FD74C1283881}.Debug|Any CPU.Build.0 = Debug|Any CPU
		{C7680137-8957-45C6-A8D2-FD74C1283881}.Release|Any CPU.ActiveCfg = Release|Any CPU
		{C7680137-8957-45C6-A8D2-FD74C1283881}.Release|Any CPU.Build.0 = Release|Any CPU
		{0D1172C9-8817-4C59-9593-6A18A02A043F}.Debug|Any CPU.ActiveCfg = Debug|Any CPU
		{0D1172C9-8817-4C59-9593-6A18A02A043F}.Debug|Any CPU.Build.0 = Debug|Any CPU
		{0D1172C9-8817-4C59-9593-6A18A02A043F}.Release|Any CPU.ActiveCfg = Release|Any CPU
		{0D1172C9-8817-4C59-9593-6A18A02A043F}.Release|Any CPU.Build.0 = Release|Any CPU
		{6A1EF784-F885-49BB-B6F0-D93EA6238790}.Debug|Any CPU.ActiveCfg = Debug|Any CPU
		{6A1EF784-F885-49BB-B6F0-D93EA6238790}.Debug|Any CPU.Build.0 = Debug|Any CPU
		{6A1EF784-F885-49BB-B6F0-D93EA6238790}.Release|Any CPU.ActiveCfg = Release|Any CPU
		{6A1EF784-F885-49BB-B6F0-D93EA6238790}.Release|Any CPU.Build.0 = Release|Any CPU
		{B48C09B2-90F9-4C67-A56F-4336B31472A9}.Debug|Any CPU.ActiveCfg = Debug|Any CPU
		{B48C09B2-90F9-4C67-A56F-4336B31472A9}.Debug|Any CPU.Build.0 = Debug|Any CPU
		{B48C09B2-90F9-4C67-A56F-4336B31472A9}.Release|Any CPU.ActiveCfg = Release|Any CPU
		{B48C09B2-90F9-4C67-A56F-4336B31472A9}.Release|Any CPU.Build.0 = Release|Any CPU
		{432C07C8-7060-411B-915B-02A7C01C799F}.Debug|Any CPU.ActiveCfg = Debug|Any CPU
		{432C07C8-7060-411B-915B-02A7C01C799F}.Debug|Any CPU.Build.0 = Debug|Any CPU
		{432C07C8-7060-411B-915B-02A7C01C799F}.Release|Any CPU.ActiveCfg = Release|Any CPU
		{432C07C8-7060-411B-915B-02A7C01C799F}.Release|Any CPU.Build.0 = Release|Any CPU
	EndGlobalSection
	GlobalSection(SolutionProperties) = preSolution
		HideSolutionNode = FALSE
	EndGlobalSection
	GlobalSection(ExtensibilityGlobals) = postSolution
		SolutionGuid = {DD902AA8-42B6-4C86-9FE8-7818357364FE}
	EndGlobalSection
EndGlobal
